
Microsoft Visual Studio Solution File, Format Version 12.00
# Visual Studio Version 17
VisualStudioVersion = 17.2.32505.173
MinimumVisualStudioVersion = 10.0.40219.1
Project("{FAE04EC0-301F-11D3-BF4B-00C04F79EFBC}") = "Todo", "Todo\Todo.csproj", "{8F2DE143-EA45-4F0E-A1B3-472A912817A0}"
EndProject
Global
	GlobalSection(SolutionConfigurationPlatforms) = preSolution
		Debug|Any CPU = Debug|Any CPU
		Release|Any CPU = Release|Any CPU
	EndGlobalSection
	GlobalSection(ProjectConfigurationPlatforms) = postSolution
		{8F2DE143-EA45-4F0E-A1B3-472A912817A0}.Debug|Any CPU.ActiveCfg = Debug|Any CPU
		{8F2DE143-EA45-4F0E-A1B3-472A912817A0}.Debug|Any CPU.Build.0 = Debug|Any CPU
		{8F2DE143-EA45-4F0E-A1B3-472A912817A0}.Release|Any CPU.ActiveCfg = Release|Any CPU
		{8F2DE143-EA45-4F0E-A1B3-472A912817A0}.Release|Any CPU.Build.0 = Release|Any CPU
	EndGlobalSection
	GlobalSection(SolutionProperties) = preSolution
		HideSolutionNode = FALSE
	EndGlobalSection
	GlobalSection(ExtensibilityGlobals) = postSolution
		SolutionGuid = {01018711-99C9-419B-88DA-C82E71EFA90D}
	EndGlobalSection
EndGlobal
